// !$*UTF8*$!
{
	archiveVersion = 1;
	classes = {
	};
	objectVersion = 77;
	objects = {

/* Begin PBXBuildFile section */
		1D8FA4B3285B892FEBF44111 /* MedalCaseApp.swift in Sources */ = {isa = PBXBuildFile; fileRef = CB3B8B3BE6E506515DA17F20 /* MedalCaseApp.swift */; };
		3B365B446E8D44BB61C5F09E /* MedalDomain in Frameworks */ = {isa = PBXBuildFile; productRef = 78929A2D9C663C7D6B93C690 /* MedalDomain */; };
		8DA4C94668B1C154B9CCD737 /* DesignSystem in Frameworks */ = {isa = PBXBuildFile; productRef = 197C13B1C7123FE7C08A1FE2 /* DesignSystem */; };
		BE382BADF0F9855E87CF4B05 /* ContentView.swift in Sources */ = {isa = PBXBuildFile; fileRef = 4004599DB1DC16A7D68AE436 /* ContentView.swift */; };
		FF23EBDADBFE556A00DAEF9D /* Assets.xcassets in Resources */ = {isa = PBXBuildFile; fileRef = FF9A4332F55BE4D1105B47A6 /* Assets.xcassets */; };
/* End PBXBuildFile section */

/* Begin PBXFileReference section */
		022206842C002B9B033C9E71 /* MedalDomain */ = {isa = PBXFileReference; lastKnownFileType = folder; name = MedalDomain; path = Modules/MedalDomain; sourceTree = SOURCE_ROOT; };
		3A3636B07008A9A8141ED056 /* MedalCase.app */ = {isa = PBXFileReference; includeInIndex = 0; lastKnownFileType = wrapper.application; path = MedalCase.app; sourceTree = BUILT_PRODUCTS_DIR; };
		4004599DB1DC16A7D68AE436 /* ContentView.swift */ = {isa = PBXFileReference; lastKnownFileType = sourcecode.swift; path = ContentView.swift; sourceTree = "<group>"; };
		7BBD1894F9E75DE52CBD751A /* DesignSystem */ = {isa = PBXFileReference; lastKnownFileType = folder; name = DesignSystem; path = Modules/DesignSystem; sourceTree = SOURCE_ROOT; };
		CB3B8B3BE6E506515DA17F20 /* MedalCaseApp.swift */ = {isa = PBXFileReference; lastKnownFileType = sourcecode.swift; path = MedalCaseApp.swift; sourceTree = "<group>"; };
		FF9A4332F55BE4D1105B47A6 /* Assets.xcassets */ = {isa = PBXFileReference; lastKnownFileType = folder.assetcatalog; path = Assets.xcassets; sourceTree = "<group>"; };
/* End PBXFileReference section */

/* Begin PBXFrameworksBuildPhase section */
		96C2567B99E8DECF3E0F8C69 /* Frameworks */ = {
			isa = PBXFrameworksBuildPhase;
			buildActionMask = 2147483647;
			files = (
				3B365B446E8D44BB61C5F09E /* MedalDomain in Frameworks */,
				8DA4C94668B1C154B9CCD737 /* DesignSystem in Frameworks */,
			);
			runOnlyForDeploymentPostprocessing = 0;
		};
/* End PBXFrameworksBuildPhase section */

/* Begin PBXGroup section */
		2091D4E4854BCCBF42358948 /* MedalCase */ = {
			isa = PBXGroup;
			children = (
				FF9A4332F55BE4D1105B47A6 /* Assets.xcassets */,
				4004599DB1DC16A7D68AE436 /* ContentView.swift */,
				CB3B8B3BE6E506515DA17F20 /* MedalCaseApp.swift */,
			);
			path = MedalCase;
			sourceTree = "<group>";
		};
		2C99361E0E595308B535E561 = {
			isa = PBXGroup;
			children = (
				2091D4E4854BCCBF42358948 /* MedalCase */,
				9E6CFBA475A47D0B82031BBB /* Packages */,
				37CDF5951C91A8F38F2DB660 /* Products */,
			);
			sourceTree = "<group>";
		};
		37CDF5951C91A8F38F2DB660 /* Products */ = {
			isa = PBXGroup;
			children = (
				3A3636B07008A9A8141ED056 /* MedalCase.app */,
			);
			name = Products;
			sourceTree = "<group>";
		};
		9E6CFBA475A47D0B82031BBB /* Packages */ = {
			isa = PBXGroup;
			children = (
				7BBD1894F9E75DE52CBD751A /* DesignSystem */,
				022206842C002B9B033C9E71 /* MedalDomain */,
			);
			name = Packages;
			sourceTree = "<group>";
		};
/* End PBXGroup section */

/* Begin PBXNativeTarget section */
		664A5C6572E33D530A73B535 /* MedalCase */ = {
			isa = PBXNativeTarget;
			buildConfigurationList = 5F14C7C870A5EB85C2E55237 /* Build configuration list for PBXNativeTarget "MedalCase" */;
			buildPhases = (
				4B05E8FB728350A306C69113 /* Sources */,
				0098B7982698C98E5D7B8478 /* Resources */,
				96C2567B99E8DECF3E0F8C69 /* Frameworks */,
			);
			buildRules = (
			);
			dependencies = (
			);
			name = MedalCase;
			packageProductDependencies = (
				78929A2D9C663C7D6B93C690 /* MedalDomain */,
				197C13B1C7123FE7C08A1FE2 /* DesignSystem */,
			);
			productName = MedalCase;
			productReference = 3A3636B07008A9A8141ED056 /* MedalCase.app */;
			productType = "com.apple.product-type.application";
		};
/* End PBXNativeTarget section */

/* Begin PBXProject section */
		A9EE2254375995FCA691C820 /* Project object */ = {
			isa = PBXProject;
			attributes = {
				BuildIndependentTargetsInParallel = YES;
				LastUpgradeCheck = 1430;
				TargetAttributes = {
				};
			};
			buildConfigurationList = E4AD246370DB53D65E260F71 /* Build configuration list for PBXProject "MedalCase" */;
			developmentRegion = en;
			hasScannedForEncodings = 0;
			knownRegions = (
				Base,
				en,
			);
			mainGroup = 2C99361E0E595308B535E561;
			minimizedProjectReferenceProxies = 1;
			packageReferences = (
				4A3D63831A627BD6BF2A8AE3 /* XCLocalSwiftPackageReference "Modules/DesignSystem" */,
				EAA9DA2452732C140867F841 /* XCLocalSwiftPackageReference "Modules/MedalDomain" */,
			);
			preferredProjectObjectVersion = 77;
			productRefGroup = 37CDF5951C91A8F38F2DB660 /* Products */;
			projectDirPath = "";
			projectRoot = "";
			targets = (
				664A5C6572E33D530A73B535 /* MedalCase */,
			);
		};
/* End PBXProject section */

/* Begin PBXResourcesBuildPhase section */
		0098B7982698C98E5D7B8478 /* Resources */ = {
			isa = PBXResourcesBuildPhase;
			buildActionMask = 2147483647;
			files = (
				FF23EBDADBFE556A00DAEF9D /* Assets.xcassets in Resources */,
			);
			runOnlyForDeploymentPostprocessing = 0;
		};
/* End PBXResourcesBuildPhase section */

/* Begin PBXSourcesBuildPhase section */
		4B05E8FB728350A306C69113 /* Sources */ = {
			isa = PBXSourcesBuildPhase;
			buildActionMask = 2147483647;
			files = (
				BE382BADF0F9855E87CF4B05 /* ContentView.swift in Sources */,
				1D8FA4B3285B892FEBF44111 /* MedalCaseApp.swift in Sources */,
			);
			runOnlyForDeploymentPostprocessing = 0;
		};
/* End PBXSourcesBuildPhase section */

/* Begin XCBuildConfiguration section */
		0375D9DB6626839E87D3FDED /* Debug */ = {
			isa = XCBuildConfiguration;
			buildSettings = {
				ASSETCATALOG_COMPILER_APPICON_NAME = AppIcon;
				CODE_SIGN_IDENTITY = "iPhone Developer";
				GENERATE_INFOPLIST_FILE = YES;
				INFOPLIST_KEY_UIApplicationSceneManifest_Generation = YES;
				INFOPLIST_KEY_UIApplicationSupportsIndirectInputEvents = YES;
				INFOPLIST_KEY_UILaunchScreen_Generation = YES;
				INFOPLIST_KEY_UISupportedInterfaceOrientations_iPhone = UIInterfaceOrientationPortrait;
				LD_RUNPATH_SEARCH_PATHS = (
					"$(inherited)",
					"@executable_path/Frameworks",
				);
				PRODUCT_BUNDLE_IDENTIFIER = com.runkeeper.MedalCase;
				PRODUCT_NAME = MedalCase;
				SDKROOT = iphoneos;
				TARGETED_DEVICE_FAMILY = "1,2";
			};
			name = Debug;
		};
		A07D0BD2037710D3A832CB21 /* Debug */ = {
			isa = XCBuildConfiguration;
			buildSettings = {
				ALWAYS_SEARCH_USER_PATHS = NO;
				CLANG_ANALYZER_NONNULL = YES;
				CLANG_ANALYZER_NUMBER_OBJECT_CONVERSION = YES_AGGRESSIVE;
				CLANG_CXX_LANGUAGE_STANDARD = "gnu++14";
				CLANG_CXX_LIBRARY = "libc++";
				CLANG_ENABLE_MODULES = YES;
				CLANG_ENABLE_OBJC_ARC = YES;
				CLANG_ENABLE_OBJC_WEAK = YES;
				CLANG_WARN_BLOCK_CAPTURE_AUTORELEASING = YES;
				CLANG_WARN_BOOL_CONVERSION = YES;
				CLANG_WARN_COMMA = YES;
				CLANG_WARN_CONSTANT_CONVERSION = YES;
				CLANG_WARN_DEPRECATED_OBJC_IMPLEMENTATIONS = YES;
				CLANG_WARN_DIRECT_OBJC_ISA_USAGE = YES_ERROR;
				CLANG_WARN_DOCUMENTATION_COMMENTS = YES;
				CLANG_WARN_EMPTY_BODY = YES;
				CLANG_WARN_ENUM_CONVERSION = YES;
				CLANG_WARN_INFINITE_RECURSION = YES;
				CLANG_WARN_INT_CONVERSION = YES;
				CLANG_WARN_NON_LITERAL_NULL_CONVERSION = YES;
				CLANG_WARN_OBJC_IMPLICIT_RETAIN_SELF = YES;
				CLANG_WARN_OBJC_LITERAL_CONVERSION = YES;
				CLANG_WARN_OBJC_ROOT_CLASS = YES_ERROR;
				CLANG_WARN_QUOTED_INCLUDE_IN_FRAMEWORK_HEADER = YES;
				CLANG_WARN_RANGE_LOOP_ANALYSIS = YES;
				CLANG_WARN_STRICT_PROTOTYPES = YES;
				CLANG_WARN_SUSPICIOUS_MOVE = YES;
				CLANG_WARN_UNGUARDED_AVAILABILITY = YES_AGGRESSIVE;
				CLANG_WARN_UNREACHABLE_CODE = YES;
				CLANG_WARN__DUPLICATE_METHOD_MATCH = YES;
				COPY_PHASE_STRIP = NO;
				CURRENT_PROJECT_VERSION = 1;
				DEBUG_INFORMATION_FORMAT = dwarf;
				ENABLE_STRICT_OBJC_MSGSEND = YES;
				ENABLE_TESTABILITY = YES;
				GCC_C_LANGUAGE_STANDARD = gnu11;
				GCC_DYNAMIC_NO_PIC = NO;
				GCC_NO_COMMON_BLOCKS = YES;
				GCC_OPTIMIZATION_LEVEL = 0;
				GCC_PREPROCESSOR_DEFINITIONS = (
					"$(inherited)",
					"DEBUG=1",
				);
				GCC_WARN_64_TO_32_BIT_CONVERSION = YES;
				GCC_WARN_ABOUT_RETURN_TYPE = YES_ERROR;
				GCC_WARN_UNDECLARED_SELECTOR = YES;
				GCC_WARN_UNINITIALIZED_AUTOS = YES_AGGRESSIVE;
				GCC_WARN_UNUSED_FUNCTION = YES;
				GCC_WARN_UNUSED_VARIABLE = YES;
				IPHONEOS_DEPLOYMENT_TARGET = 17.0;
				MARKETING_VERSION = 1.0;
				MTL_ENABLE_DEBUG_INFO = INCLUDE_SOURCE;
				MTL_FAST_MATH = YES;
				ONLY_ACTIVE_ARCH = YES;
				PRODUCT_NAME = "$(TARGET_NAME)";
				SDKROOT = iphoneos;
				SWIFT_ACTIVE_COMPILATION_CONDITIONS = DEBUG;
				SWIFT_OPTIMIZATION_LEVEL = "-Onone";
				SWIFT_STRICT_CONCURRENCY = complete;
				SWIFT_VERSION = 6.0;
			};
			name = Debug;
		};
		B9C9D39926E6604AF00B4E32 /* Release */ = {
			isa = XCBuildConfiguration;
			buildSettings = {
				ALWAYS_SEARCH_USER_PATHS = NO;
				CLANG_ANALYZER_NONNULL = YES;
				CLANG_ANALYZER_NUMBER_OBJECT_CONVERSION = YES_AGGRESSIVE;
				CLANG_CXX_LANGUAGE_STANDARD = "gnu++14";
				CLANG_CXX_LIBRARY = "libc++";
				CLANG_ENABLE_MODULES = YES;
				CLANG_ENABLE_OBJC_ARC = YES;
				CLANG_ENABLE_OBJC_WEAK = YES;
				CLANG_WARN_BLOCK_CAPTURE_AUTORELEASING = YES;
				CLANG_WARN_BOOL_CONVERSION = YES;
				CLANG_WARN_COMMA = YES;
				CLANG_WARN_CONSTANT_CONVERSION = YES;
				CLANG_WARN_DEPRECATED_OBJC_IMPLEMENTATIONS = YES;
				CLANG_WARN_DIRECT_OBJC_ISA_USAGE = YES_ERROR;
				CLANG_WARN_DOCUMENTATION_COMMENTS = YES;
				CLANG_WARN_EMPTY_BODY = YES;
				CLANG_WARN_ENUM_CONVERSION = YES;
				CLANG_WARN_INFINITE_RECURSION = YES;
				CLANG_WARN_INT_CONVERSION = YES;
				CLANG_WARN_NON_LITERAL_NULL_CONVERSION = YES;
				CLANG_WARN_OBJC_IMPLICIT_RETAIN_SELF = YES;
				CLANG_WARN_OBJC_LITERAL_CONVERSION = YES;
				CLANG_WARN_OBJC_ROOT_CLASS = YES_ERROR;
				CLANG_WARN_QUOTED_INCLUDE_IN_FRAMEWORK_HEADER = YES;
				CLANG_WARN_RANGE_LOOP_ANALYSIS = YES;
				CLANG_WARN_STRICT_PROTOTYPES = YES;
				CLANG_WARN_SUSPICIOUS_MOVE = YES;
				CLANG_WARN_UNGUARDED_AVAILABILITY = YES_AGGRESSIVE;
				CLANG_WARN_UNREACHABLE_CODE = YES;
				CLANG_WARN__DUPLICATE_METHOD_MATCH = YES;
				COPY_PHASE_STRIP = NO;
				CURRENT_PROJECT_VERSION = 1;
				DEBUG_INFORMATION_FORMAT = "dwarf-with-dsym";
				ENABLE_NS_ASSERTIONS = NO;
				ENABLE_STRICT_OBJC_MSGSEND = YES;
				GCC_C_LANGUAGE_STANDARD = gnu11;
				GCC_NO_COMMON_BLOCKS = YES;
				GCC_WARN_64_TO_32_BIT_CONVERSION = YES;
				GCC_WARN_ABOUT_RETURN_TYPE = YES_ERROR;
				GCC_WARN_UNDECLARED_SELECTOR = YES;
				GCC_WARN_UNINITIALIZED_AUTOS = YES_AGGRESSIVE;
				GCC_WARN_UNUSED_FUNCTION = YES;
				GCC_WARN_UNUSED_VARIABLE = YES;
				IPHONEOS_DEPLOYMENT_TARGET = 17.0;
				MARKETING_VERSION = 1.0;
				MTL_ENABLE_DEBUG_INFO = NO;
				MTL_FAST_MATH = YES;
				PRODUCT_NAME = "$(TARGET_NAME)";
				SDKROOT = iphoneos;
				SWIFT_COMPILATION_MODE = wholemodule;
				SWIFT_OPTIMIZATION_LEVEL = "-O";
				SWIFT_STRICT_CONCURRENCY = complete;
				SWIFT_VERSION = 6.0;
			};
			name = Release;
		};
		FDC0B1CD361C150508F14B4C /* Release */ = {
			isa = XCBuildConfiguration;
			buildSettings = {
				ASSETCATALOG_COMPILER_APPICON_NAME = AppIcon;
				CODE_SIGN_IDENTITY = "iPhone Developer";
				GENERATE_INFOPLIST_FILE = YES;
				INFOPLIST_KEY_UIApplicationSceneManifest_Generation = YES;
				INFOPLIST_KEY_UIApplicationSupportsIndirectInputEvents = YES;
				INFOPLIST_KEY_UILaunchScreen_Generation = YES;
				INFOPLIST_KEY_UISupportedInterfaceOrientations_iPhone = UIInterfaceOrientationPortrait;
				LD_RUNPATH_SEARCH_PATHS = (
					"$(inherited)",
					"@executable_path/Frameworks",
				);
				PRODUCT_BUNDLE_IDENTIFIER = com.runkeeper.MedalCase;
				PRODUCT_NAME = MedalCase;
				SDKROOT = iphoneos;
				TARGETED_DEVICE_FAMILY = "1,2";
			};
			name = Release;
		};
/* End XCBuildConfiguration section */

/* Begin XCConfigurationList section */
		5F14C7C870A5EB85C2E55237 /* Build configuration list for PBXNativeTarget "MedalCase" */ = {
			isa = XCConfigurationList;
			buildConfigurations = (
				0375D9DB6626839E87D3FDED /* Debug */,
				FDC0B1CD361C150508F14B4C /* Release */,
			);
			defaultConfigurationIsVisible = 0;
			defaultConfigurationName = Debug;
		};
		E4AD246370DB53D65E260F71 /* Build configuration list for PBXProject "MedalCase" */ = {
			isa = XCConfigurationList;
			buildConfigurations = (
				A07D0BD2037710D3A832CB21 /* Debug */,
				B9C9D39926E6604AF00B4E32 /* Release */,
			);
			defaultConfigurationIsVisible = 0;
			defaultConfigurationName = Debug;
		};
/* End XCConfigurationList section */

/* Begin XCLocalSwiftPackageReference section */
		4A3D63831A627BD6BF2A8AE3 /* XCLocalSwiftPackageReference "Modules/DesignSystem" */ = {
			isa = XCLocalSwiftPackageReference;
			relativePath = Modules/DesignSystem;
		};
		EAA9DA2452732C140867F841 /* XCLocalSwiftPackageReference "Modules/MedalDomain" */ = {
			isa = XCLocalSwiftPackageReference;
			relativePath = Modules/MedalDomain;
		};
/* End XCLocalSwiftPackageReference section */

/* Begin XCSwiftPackageProductDependency section */
		197C13B1C7123FE7C08A1FE2 /* DesignSystem */ = {
			isa = XCSwiftPackageProductDependency;
			productName = DesignSystem;
		};
		78929A2D9C663C7D6B93C690 /* MedalDomain */ = {
			isa = XCSwiftPackageProductDependency;
			productName = MedalDomain;
		};
/* End XCSwiftPackageProductDependency section */
	};
	rootObject = A9EE2254375995FCA691C820 /* Project object */;
}
